
Microsoft Visual Studio Solution File, Format Version 12.00
# Visual Studio 15
VisualStudioVersion = 15.0.28307.1800
MinimumVisualStudioVersion = 10.0.40219.1
Project("{D2ABAB84-BF74-430A-B69E-9DC6D40DDA17}") = "AirlineSatisfaction_SSAS", "AirlineSatisfaction_SSAS\AirlineSatisfaction_SSAS.dwproj", "{46ECC10A-5D88-4F0F-8311-FE1B9781FB9D}"
EndProject
Global
	GlobalSection(SolutionConfigurationPlatforms) = preSolution
		Development|Default = Development|Default
	EndGlobalSection
	GlobalSection(ProjectConfigurationPlatforms) = postSolution
		{46ECC10A-5D88-4F0F-8311-FE1B9781FB9D}.Development|Default.ActiveCfg = Development
		{46ECC10A-5D88-4F0F-8311-FE1B9781FB9D}.Development|Default.Build.0 = Development
		{46ECC10A-5D88-4F0F-8311-FE1B9781FB9D}.Development|Default.Deploy.0 = Development
	EndGlobalSection
	GlobalSection(SolutionProperties) = preSolution
		HideSolutionNode = FALSE
	EndGlobalSection
	GlobalSection(ExtensibilityGlobals) = postSolution
		SolutionGuid = {3ABAC850-C818-4FA8-AE5F-A9683438AED5}
	EndGlobalSection
EndGlobal
